// !$*UTF8*$!
{
	archiveVersion = 1;
	classes = {
	};
	objectVersion = 46;
	objects = {

/* Begin PBXBuildFile section */
		6B1494AA140C37C1004C1F21 /* CustomAdView.m in Sources */ = {isa = PBXBuildFile; fileRef = 6B1494A9140C37C1004C1F21 /* CustomAdView.m */; };
		FC18CAEB14070C8B001B0041 /* MyCLController.m in Sources */ = {isa = PBXBuildFile; fileRef = FC18CAEA14070C8B001B0041 /* MyCLController.m */; };
		FC18CAEE14070CA0001B0041 /* MapKit.framework in Frameworks */ = {isa = PBXBuildFile; fileRef = FC18CAED14070CA0001B0041 /* MapKit.framework */; };
		FC18CAF014070CC3001B0041 /* CoreLocation.framework in Frameworks */ = {isa = PBXBuildFile; fileRef = FC18CAEF14070CC2001B0041 /* CoreLocation.framework */; };
		FC2284FF140C2D3300E2444B /* HTTPRequest.m in Sources */ = {isa = PBXBuildFile; fileRef = FC2284FE140C2D3300E2444B /* HTTPRequest.m */; };
		FC22850F140C303600E2444B /* NSObject+SBJSON.m in Sources */ = {isa = PBXBuildFile; fileRef = FC228504140C303600E2444B /* NSObject+SBJSON.m */; };
		FC228510140C303600E2444B /* NSString+SBJSON.m in Sources */ = {isa = PBXBuildFile; fileRef = FC228506140C303600E2444B /* NSString+SBJSON.m */; };
		FC228511140C303600E2444B /* SBJSON.m in Sources */ = {isa = PBXBuildFile; fileRef = FC228508140C303600E2444B /* SBJSON.m */; };
		FC228512140C303600E2444B /* SBJsonBase.m in Sources */ = {isa = PBXBuildFile; fileRef = FC22850A140C303600E2444B /* SBJsonBase.m */; };
		FC228513140C303600E2444B /* SBJsonParser.m in Sources */ = {isa = PBXBuildFile; fileRef = FC22850C140C303600E2444B /* SBJsonParser.m */; };
		FC228514140C303600E2444B /* SBJsonWriter.m in Sources */ = {isa = PBXBuildFile; fileRef = FC22850E140C303600E2444B /* SBJsonWriter.m */; };
		FC228517140C312A00E2444B /* EventKit.framework in Frameworks */ = {isa = PBXBuildFile; fileRef = FC228515140C312A00E2444B /* EventKit.framework */; };
		FC228518140C312A00E2444B /* EventKitUI.framework in Frameworks */ = {isa = PBXBuildFile; fileRef = FC228516140C312A00E2444B /* EventKitUI.framework */; };
		FC46A82A13CB72F20047A843 /* UIKit.framework in Frameworks */ = {isa = PBXBuildFile; fileRef = FC46A82913CB72F20047A843 /* UIKit.framework */; };
		FC46A82C13CB72F20047A843 /* Foundation.framework in Frameworks */ = {isa = PBXBuildFile; fileRef = FC46A82B13CB72F20047A843 /* Foundation.framework */; };
		FC46A82E13CB72F20047A843 /* CoreGraphics.framework in Frameworks */ = {isa = PBXBuildFile; fileRef = FC46A82D13CB72F20047A843 /* CoreGraphics.framework */; };
		FC46A83413CB72F20047A843 /* InfoPlist.strings in Resources */ = {isa = PBXBuildFile; fileRef = FC46A83213CB72F20047A843 /* InfoPlist.strings */; };
		FC46A83713CB72F20047A843 /* main.m in Sources */ = {isa = PBXBuildFile; fileRef = FC46A83613CB72F20047A843 /* main.m */; };
		FC46A83A13CB72F20047A843 /* EventsAppDelegate.m in Sources */ = {isa = PBXBuildFile; fileRef = FC46A83913CB72F20047A843 /* EventsAppDelegate.m */; };
		FC46A83D13CB72F20047A843 /* MainWindow.xib in Resources */ = {isa = PBXBuildFile; fileRef = FC46A83B13CB72F20047A843 /* MainWindow.xib */; };
		FC46A84013CB72F20047A843 /* EventsViewController.m in Sources */ = {isa = PBXBuildFile; fileRef = FC46A83F13CB72F20047A843 /* EventsViewController.m */; };
		FC46A84313CB72F20047A843 /* EventsViewController.xib in Resources */ = {isa = PBXBuildFile; fileRef = FC46A84113CB72F20047A843 /* EventsViewController.xib */; };
		FC46A84A13CB74950047A843 /* bottom_shadow.png in Resources */ = {isa = PBXBuildFile; fileRef = FC46A84913CB74950047A843 /* bottom_shadow.png */; };
		FC46A84C13CB75110047A843 /* iAd.framework in Frameworks */ = {isa = PBXBuildFile; fileRef = FC46A84B13CB75110047A843 /* iAd.framework */; };
		FC46A85013CB764C0047A843 /* EventDetailViewController.m in Sources */ = {isa = PBXBuildFile; fileRef = FC46A84E13CB764C0047A843 /* EventDetailViewController.m */; };
		FC46A85113CB764C0047A843 /* EventDetailViewController.xib in Resources */ = {isa = PBXBuildFile; fileRef = FC46A84F13CB764C0047A843 /* EventDetailViewController.xib */; };
/* End PBXBuildFile section */

/* Begin PBXFileReference section */
		6B1494A8140C37C1004C1F21 /* CustomAdView.h */ = {isa = PBXFileReference; fileEncoding = 4; lastKnownFileType = sourcecode.c.h; path = CustomAdView.h; sourceTree = "<group>"; };
		6B1494A9140C37C1004C1F21 /* CustomAdView.m */ = {isa = PBXFileReference; fileEncoding = 4; lastKnownFileType = sourcecode.c.objc; path = CustomAdView.m; sourceTree = "<group>"; };
		FC18CAE914070C8B001B0041 /* MyCLController.h */ = {isa = PBXFileReference; fileEncoding = 4; lastKnownFileType = sourcecode.c.h; path = MyCLController.h; sourceTree = "<group>"; };
		FC18CAEA14070C8B001B0041 /* MyCLController.m */ = {isa = PBXFileReference; fileEncoding = 4; lastKnownFileType = sourcecode.c.objc; path = MyCLController.m; sourceTree = "<group>"; };
		FC18CAED14070CA0001B0041 /* MapKit.framework */ = {isa = PBXFileReference; lastKnownFileType = wrapper.framework; name = MapKit.framework; path = System/Library/Frameworks/MapKit.framework; sourceTree = SDKROOT; };
		FC18CAEF14070CC2001B0041 /* CoreLocation.framework */ = {isa = PBXFileReference; lastKnownFileType = wrapper.framework; name = CoreLocation.framework; path = System/Library/Frameworks/CoreLocation.framework; sourceTree = SDKROOT; };
		FC2284FD140C2D3300E2444B /* HTTPRequest.h */ = {isa = PBXFileReference; fileEncoding = 4; lastKnownFileType = sourcecode.c.h; path = HTTPRequest.h; sourceTree = "<group>"; };
		FC2284FE140C2D3300E2444B /* HTTPRequest.m */ = {isa = PBXFileReference; fileEncoding = 4; lastKnownFileType = sourcecode.c.objc; path = HTTPRequest.m; sourceTree = "<group>"; };
		FC228502140C303600E2444B /* JSON.h */ = {isa = PBXFileReference; fileEncoding = 4; lastKnownFileType = sourcecode.c.h; path = JSON.h; sourceTree = "<group>"; };
		FC228503140C303600E2444B /* NSObject+SBJSON.h */ = {isa = PBXFileReference; fileEncoding = 4; lastKnownFileType = sourcecode.c.h; path = "NSObject+SBJSON.h"; sourceTree = "<group>"; };
		FC228504140C303600E2444B /* NSObject+SBJSON.m */ = {isa = PBXFileReference; fileEncoding = 4; lastKnownFileType = sourcecode.c.objc; path = "NSObject+SBJSON.m"; sourceTree = "<group>"; };
		FC228505140C303600E2444B /* NSString+SBJSON.h */ = {isa = PBXFileReference; fileEncoding = 4; lastKnownFileType = sourcecode.c.h; path = "NSString+SBJSON.h"; sourceTree = "<group>"; };
		FC228506140C303600E2444B /* NSString+SBJSON.m */ = {isa = PBXFileReference; fileEncoding = 4; lastKnownFileType = sourcecode.c.objc; path = "NSString+SBJSON.m"; sourceTree = "<group>"; };
		FC228507140C303600E2444B /* SBJSON.h */ = {isa = PBXFileReference; fileEncoding = 4; lastKnownFileType = sourcecode.c.h; path = SBJSON.h; sourceTree = "<group>"; };
		FC228508140C303600E2444B /* SBJSON.m */ = {isa = PBXFileReference; fileEncoding = 4; lastKnownFileType = sourcecode.c.objc; path = SBJSON.m; sourceTree = "<group>"; };
		FC228509140C303600E2444B /* SBJsonBase.h */ = {isa = PBXFileReference; fileEncoding = 4; lastKnownFileType = sourcecode.c.h; path = SBJsonBase.h; sourceTree = "<group>"; };
		FC22850A140C303600E2444B /* SBJsonBase.m */ = {isa = PBXFileReference; fileEncoding = 4; lastKnownFileType = sourcecode.c.objc; path = SBJsonBase.m; sourceTree = "<group>"; };
		FC22850B140C303600E2444B /* SBJsonParser.h */ = {isa = PBXFileReference; fileEncoding = 4; lastKnownFileType = sourcecode.c.h; path = SBJsonParser.h; sourceTree = "<group>"; };
		FC22850C140C303600E2444B /* SBJsonParser.m */ = {isa = PBXFileReference; fileEncoding = 4; lastKnownFileType = sourcecode.c.objc; path = SBJsonParser.m; sourceTree = "<group>"; };
		FC22850D140C303600E2444B /* SBJsonWriter.h */ = {isa = PBXFileReference; fileEncoding = 4; lastKnownFileType = sourcecode.c.h; path = SBJsonWriter.h; sourceTree = "<group>"; };
		FC22850E140C303600E2444B /* SBJsonWriter.m */ = {isa = PBXFileReference; fileEncoding = 4; lastKnownFileType = sourcecode.c.objc; path = SBJsonWriter.m; sourceTree = "<group>"; };
		FC228515140C312A00E2444B /* EventKit.framework */ = {isa = PBXFileReference; lastKnownFileType = wrapper.framework; name = EventKit.framework; path = System/Library/Frameworks/EventKit.framework; sourceTree = SDKROOT; };
		FC228516140C312A00E2444B /* EventKitUI.framework */ = {isa = PBXFileReference; lastKnownFileType = wrapper.framework; name = EventKitUI.framework; path = System/Library/Frameworks/EventKitUI.framework; sourceTree = SDKROOT; };
		FC46A82513CB72F20047A843 /* Events.app */ = {isa = PBXFileReference; explicitFileType = wrapper.application; includeInIndex = 0; path = Events.app; sourceTree = BUILT_PRODUCTS_DIR; };
		FC46A82913CB72F20047A843 /* UIKit.framework */ = {isa = PBXFileReference; lastKnownFileType = wrapper.framework; name = UIKit.framework; path = System/Library/Frameworks/UIKit.framework; sourceTree = SDKROOT; };
		FC46A82B13CB72F20047A843 /* Foundation.framework */ = {isa = PBXFileReference; lastKnownFileType = wrapper.framework; name = Foundation.framework; path = System/Library/Frameworks/Foundation.framework; sourceTree = SDKROOT; };
		FC46A82D13CB72F20047A843 /* CoreGraphics.framework */ = {isa = PBXFileReference; lastKnownFileType = wrapper.framework; name = CoreGraphics.framework; path = System/Library/Frameworks/CoreGraphics.framework; sourceTree = SDKROOT; };
		FC46A83113CB72F20047A843 /* Events-Info.plist */ = {isa = PBXFileReference; lastKnownFileType = text.plist.xml; path = "Events-Info.plist"; sourceTree = "<group>"; };
		FC46A83313CB72F20047A843 /* en */ = {isa = PBXFileReference; lastKnownFileType = text.plist.strings; name = en; path = en.lproj/InfoPlist.strings; sourceTree = "<group>"; };
		FC46A83513CB72F20047A843 /* Events-Prefix.pch */ = {isa = PBXFileReference; lastKnownFileType = sourcecode.c.h; path = "Events-Prefix.pch"; sourceTree = "<group>"; };
		FC46A83613CB72F20047A843 /* main.m */ = {isa = PBXFileReference; lastKnownFileType = sourcecode.c.objc; path = main.m; sourceTree = "<group>"; };
		FC46A83813CB72F20047A843 /* EventsAppDelegate.h */ = {isa = PBXFileReference; lastKnownFileType = sourcecode.c.h; path = EventsAppDelegate.h; sourceTree = "<group>"; };
		FC46A83913CB72F20047A843 /* EventsAppDelegate.m */ = {isa = PBXFileReference; lastKnownFileType = sourcecode.c.objc; path = EventsAppDelegate.m; sourceTree = "<group>"; };
		FC46A83C13CB72F20047A843 /* en */ = {isa = PBXFileReference; lastKnownFileType = file.xib; name = en; path = en.lproj/MainWindow.xib; sourceTree = "<group>"; };
		FC46A83E13CB72F20047A843 /* EventsViewController.h */ = {isa = PBXFileReference; lastKnownFileType = sourcecode.c.h; path = EventsViewController.h; sourceTree = "<group>"; };
		FC46A83F13CB72F20047A843 /* EventsViewController.m */ = {isa = PBXFileReference; lastKnownFileType = sourcecode.c.objc; path = EventsViewController.m; sourceTree = "<group>"; };
		FC46A84213CB72F20047A843 /* en */ = {isa = PBXFileReference; lastKnownFileType = file.xib; name = en; path = en.lproj/EventsViewController.xib; sourceTree = "<group>"; };
		FC46A84913CB74950047A843 /* bottom_shadow.png */ = {isa = PBXFileReference; lastKnownFileType = image.png; path = bottom_shadow.png; sourceTree = "<group>"; };
		FC46A84B13CB75110047A843 /* iAd.framework */ = {isa = PBXFileReference; lastKnownFileType = wrapper.framework; name = iAd.framework; path = System/Library/Frameworks/iAd.framework; sourceTree = SDKROOT; };
		FC46A84D13CB764C0047A843 /* EventDetailViewController.h */ = {isa = PBXFileReference; fileEncoding = 4; lastKnownFileType = sourcecode.c.h; path = EventDetailViewController.h; sourceTree = "<group>"; };
		FC46A84E13CB764C0047A843 /* EventDetailViewController.m */ = {isa = PBXFileReference; fileEncoding = 4; lastKnownFileType = sourcecode.c.objc; path = EventDetailViewController.m; sourceTree = "<group>"; };
		FC46A84F13CB764C0047A843 /* EventDetailViewController.xib */ = {isa = PBXFileReference; fileEncoding = 4; lastKnownFileType = file.xib; path = EventDetailViewController.xib; sourceTree = "<group>"; };
/* End PBXFileReference section */

/* Begin PBXFrameworksBuildPhase section */
		FC46A82213CB72F20047A843 /* Frameworks */ = {
			isa = PBXFrameworksBuildPhase;
			buildActionMask = 2147483647;
			files = (
				FC228517140C312A00E2444B /* EventKit.framework in Frameworks */,
				FC228518140C312A00E2444B /* EventKitUI.framework in Frameworks */,
				FC18CAF014070CC3001B0041 /* CoreLocation.framework in Frameworks */,
				FC18CAEE14070CA0001B0041 /* MapKit.framework in Frameworks */,
				FC46A84C13CB75110047A843 /* iAd.framework in Frameworks */,
				FC46A82A13CB72F20047A843 /* UIKit.framework in Frameworks */,
				FC46A82C13CB72F20047A843 /* Foundation.framework in Frameworks */,
				FC46A82E13CB72F20047A843 /* CoreGraphics.framework in Frameworks */,
			);
			runOnlyForDeploymentPostprocessing = 0;
		};
/* End PBXFrameworksBuildPhase section */

/* Begin PBXGroup section */
		6B1494A6140C378E004C1F21 /* CustomAdView */ = {
			isa = PBXGroup;
			children = (
				6B1494A8140C37C1004C1F21 /* CustomAdView.h */,
				6B1494A9140C37C1004C1F21 /* CustomAdView.m */,
			);
			name = CustomAdView;
			sourceTree = "<group>";
		};
		FC18CAF114070CCD001B0041 /* Location */ = {
			isa = PBXGroup;
			children = (
				FC18CAE914070C8B001B0041 /* MyCLController.h */,
				FC18CAEA14070C8B001B0041 /* MyCLController.m */,
			);
			name = Location;
			sourceTree = "<group>";
		};
		FC2284FB140C2CC700E2444B /* HTTP */ = {
			isa = PBXGroup;
			children = (
				FC2284FD140C2D3300E2444B /* HTTPRequest.h */,
				FC2284FE140C2D3300E2444B /* HTTPRequest.m */,
			);
			name = HTTP;
			sourceTree = "<group>";
		};
		FC228501140C303600E2444B /* JSON */ = {
			isa = PBXGroup;
			children = (
				FC228502140C303600E2444B /* JSON.h */,
				FC228503140C303600E2444B /* NSObject+SBJSON.h */,
				FC228504140C303600E2444B /* NSObject+SBJSON.m */,
				FC228505140C303600E2444B /* NSString+SBJSON.h */,
				FC228506140C303600E2444B /* NSString+SBJSON.m */,
				FC228507140C303600E2444B /* SBJSON.h */,
				FC228508140C303600E2444B /* SBJSON.m */,
				FC228509140C303600E2444B /* SBJsonBase.h */,
				FC22850A140C303600E2444B /* SBJsonBase.m */,
				FC22850B140C303600E2444B /* SBJsonParser.h */,
				FC22850C140C303600E2444B /* SBJsonParser.m */,
				FC22850D140C303600E2444B /* SBJsonWriter.h */,
				FC22850E140C303600E2444B /* SBJsonWriter.m */,
			);
			path = JSON;
			sourceTree = "<group>";
		};
		FC46A81A13CB72F20047A843 = {
			isa = PBXGroup;
			children = (
				FC46A82F13CB72F20047A843 /* Events */,
				FC46A82813CB72F20047A843 /* Frameworks */,
				FC46A82613CB72F20047A843 /* Products */,
			);
			sourceTree = "<group>";
		};
		FC46A82613CB72F20047A843 /* Products */ = {
			isa = PBXGroup;
			children = (
				FC46A82513CB72F20047A843 /* Events.app */,
			);
			name = Products;
			sourceTree = "<group>";
		};
		FC46A82813CB72F20047A843 /* Frameworks */ = {
			isa = PBXGroup;
			children = (
				FC228515140C312A00E2444B /* EventKit.framework */,
				FC228516140C312A00E2444B /* EventKitUI.framework */,
				FC18CAEF14070CC2001B0041 /* CoreLocation.framework */,
				FC18CAED14070CA0001B0041 /* MapKit.framework */,
				FC46A84B13CB75110047A843 /* iAd.framework */,
				FC46A82913CB72F20047A843 /* UIKit.framework */,
				FC46A82B13CB72F20047A843 /* Foundation.framework */,
				FC46A82D13CB72F20047A843 /* CoreGraphics.framework */,
			);
			name = Frameworks;
			sourceTree = "<group>";
		};
		FC46A82F13CB72F20047A843 /* Events */ = {
			isa = PBXGroup;
			children = (
				6B1494A6140C378E004C1F21 /* CustomAdView */,
				FC228501140C303600E2444B /* JSON */,
				FC2284FB140C2CC700E2444B /* HTTP */,
				FC18CAF114070CCD001B0041 /* Location */,
				FC46A83813CB72F20047A843 /* EventsAppDelegate.h */,
				FC46A83913CB72F20047A843 /* EventsAppDelegate.m */,
				FC46A83B13CB72F20047A843 /* MainWindow.xib */,
				FC46A83E13CB72F20047A843 /* EventsViewController.h */,
				FC46A83F13CB72F20047A843 /* EventsViewController.m */,
				FC46A84113CB72F20047A843 /* EventsViewController.xib */,
				FC46A84D13CB764C0047A843 /* EventDetailViewController.h */,
				FC46A84E13CB764C0047A843 /* EventDetailViewController.m */,
				FC46A84F13CB764C0047A843 /* EventDetailViewController.xib */,
				FC46A83013CB72F20047A843 /* Supporting Files */,
			);
			path = Events;
			sourceTree = "<group>";
		};
		FC46A83013CB72F20047A843 /* Supporting Files */ = {
			isa = PBXGroup;
			children = (
				FC46A84913CB74950047A843 /* bottom_shadow.png */,
				FC46A83113CB72F20047A843 /* Events-Info.plist */,
				FC46A83213CB72F20047A843 /* InfoPlist.strings */,
				FC46A83513CB72F20047A843 /* Events-Prefix.pch */,
				FC46A83613CB72F20047A843 /* main.m */,
			);
			name = "Supporting Files";
			sourceTree = "<group>";
		};
/* End PBXGroup section */

/* Begin PBXNativeTarget section */
		FC46A82413CB72F20047A843 /* Events */ = {
			isa = PBXNativeTarget;
			buildConfigurationList = FC46A84613CB72F20047A843 /* Build configuration list for PBXNativeTarget "Events" */;
			buildPhases = (
				FC46A82113CB72F20047A843 /* Sources */,
				FC46A82213CB72F20047A843 /* Frameworks */,
				FC46A82313CB72F20047A843 /* Resources */,
			);
			buildRules = (
			);
			dependencies = (
			);
			name = Events;
			productName = Events;
			productReference = FC46A82513CB72F20047A843 /* Events.app */;
			productType = "com.apple.product-type.application";
		};
/* End PBXNativeTarget section */

/* Begin PBXProject section */
		FC46A81C13CB72F20047A843 /* Project object */ = {
			isa = PBXProject;
			attributes = {
				ORGANIZATIONNAME = "Klint Holmes";
			};
			buildConfigurationList = FC46A81F13CB72F20047A843 /* Build configuration list for PBXProject "Events" */;
			compatibilityVersion = "Xcode 3.2";
			developmentRegion = English;
			hasScannedForEncodings = 0;
			knownRegions = (
				en,
			);
			mainGroup = FC46A81A13CB72F20047A843;
			productRefGroup = FC46A82613CB72F20047A843 /* Products */;
			projectDirPath = "";
			projectRoot = "";
			targets = (
				FC46A82413CB72F20047A843 /* Events */,
			);
		};
/* End PBXProject section */

/* Begin PBXResourcesBuildPhase section */
		FC46A82313CB72F20047A843 /* Resources */ = {
			isa = PBXResourcesBuildPhase;
			buildActionMask = 2147483647;
			files = (
				FC46A83413CB72F20047A843 /* InfoPlist.strings in Resources */,
				FC46A83D13CB72F20047A843 /* MainWindow.xib in Resources */,
				FC46A84313CB72F20047A843 /* EventsViewController.xib in Resources */,
				FC46A84A13CB74950047A843 /* bottom_shadow.png in Resources */,
				FC46A85113CB764C0047A843 /* EventDetailViewController.xib in Resources */,
			);
			runOnlyForDeploymentPostprocessing = 0;
		};
/* End PBXResourcesBuildPhase section */

/* Begin PBXSourcesBuildPhase section */
		FC46A82113CB72F20047A843 /* Sources */ = {
			isa = PBXSourcesBuildPhase;
			buildActionMask = 2147483647;
			files = (
				FC46A83713CB72F20047A843 /* main.m in Sources */,
				FC46A83A13CB72F20047A843 /* EventsAppDelegate.m in Sources */,
				FC46A84013CB72F20047A843 /* EventsViewController.m in Sources */,
				FC46A85013CB764C0047A843 /* EventDetailViewController.m in Sources */,
				FC18CAEB14070C8B001B0041 /* MyCLController.m in Sources */,
				FC2284FF140C2D3300E2444B /* HTTPRequest.m in Sources */,
				FC22850F140C303600E2444B /* NSObject+SBJSON.m in Sources */,
				FC228510140C303600E2444B /* NSString+SBJSON.m in Sources */,
				FC228511140C303600E2444B /* SBJSON.m in Sources */,
				FC228512140C303600E2444B /* SBJsonBase.m in Sources */,
				FC228513140C303600E2444B /* SBJsonParser.m in Sources */,
				FC228514140C303600E2444B /* SBJsonWriter.m in Sources */,
				6B1494AA140C37C1004C1F21 /* CustomAdView.m in Sources */,
			);
			runOnlyForDeploymentPostprocessing = 0;
		};
/* End PBXSourcesBuildPhase section */

/* Begin PBXVariantGroup section */
		FC46A83213CB72F20047A843 /* InfoPlist.strings */ = {
			isa = PBXVariantGroup;
			children = (
				FC46A83313CB72F20047A843 /* en */,
			);
			name = InfoPlist.strings;
			sourceTree = "<group>";
		};
		FC46A83B13CB72F20047A843 /* MainWindow.xib */ = {
			isa = PBXVariantGroup;
			children = (
				FC46A83C13CB72F20047A843 /* en */,
			);
			name = MainWindow.xib;
			sourceTree = "<group>";
		};
		FC46A84113CB72F20047A843 /* EventsViewController.xib */ = {
			isa = PBXVariantGroup;
			children = (
				FC46A84213CB72F20047A843 /* en */,
			);
			name = EventsViewController.xib;
			sourceTree = "<group>";
		};
/* End PBXVariantGroup section */

/* Begin XCBuildConfiguration section */
		FC46A84413CB72F20047A843 /* Debug */ = {
			isa = XCBuildConfiguration;
			buildSettings = {
				ARCHS = "$(ARCHS_STANDARD_32_BIT)";
				"CODE_SIGN_IDENTITY[sdk=iphoneos*]" = "iPhone Developer";
				GCC_C_LANGUAGE_STANDARD = gnu99;
				GCC_OPTIMIZATION_LEVEL = 0;
				GCC_PREPROCESSOR_DEFINITIONS = DEBUG;
				GCC_SYMBOLS_PRIVATE_EXTERN = NO;
				GCC_VERSION = com.apple.compilers.llvmgcc42;
				GCC_WARN_ABOUT_RETURN_TYPE = YES;
				GCC_WARN_UNUSED_VARIABLE = YES;
				IPHONEOS_DEPLOYMENT_TARGET = 4.3;
				SDKROOT = iphoneos;
			};
			name = Debug;
		};
		FC46A84513CB72F20047A843 /* Release */ = {
			isa = XCBuildConfiguration;
			buildSettings = {
				ARCHS = "$(ARCHS_STANDARD_32_BIT)";
				"CODE_SIGN_IDENTITY[sdk=iphoneos*]" = "iPhone Developer";
				GCC_C_LANGUAGE_STANDARD = gnu99;
				GCC_VERSION = com.apple.compilers.llvmgcc42;
				GCC_WARN_ABOUT_RETURN_TYPE = YES;
				GCC_WARN_UNUSED_VARIABLE = YES;
				IPHONEOS_DEPLOYMENT_TARGET = 4.3;
				OTHER_CFLAGS = "-DNS_BLOCK_ASSERTIONS=1";
				SDKROOT = iphoneos;
			};
			name = Release;
		};
		FC46A84713CB72F20047A843 /* Debug */ = {
			isa = XCBuildConfiguration;
			buildSettings = {
				ALWAYS_SEARCH_USER_PATHS = NO;
				"CODE_SIGN_IDENTITY[sdk=iphoneos*]" = "iPhone Distribution";
				COPY_PHASE_STRIP = NO;
				GCC_DYNAMIC_NO_PIC = NO;
				GCC_PRECOMPILE_PREFIX_HEADER = YES;
				GCC_PREFIX_HEADER = "Events/Events-Prefix.pch";
				INFOPLIST_FILE = "Events/Events-Info.plist";
				PRODUCT_NAME = "$(TARGET_NAME)";
				"PROVISIONING_PROFILE[sdk=iphoneos*]" = "";
				WRAPPER_EXTENSION = app;
			};
			name = Debug;
		};
		FC46A84813CB72F20047A843 /* Release */ = {
			isa = XCBuildConfiguration;
			buildSettings = {
				ALWAYS_SEARCH_USER_PATHS = NO;
				"CODE_SIGN_IDENTITY[sdk=iphoneos*]" = "iPhone Distribution";
				COPY_PHASE_STRIP = YES;
				GCC_PRECOMPILE_PREFIX_HEADER = YES;
				GCC_PREFIX_HEADER = "Events/Events-Prefix.pch";
				INFOPLIST_FILE = "Events/Events-Info.plist";
				PRODUCT_NAME = "$(TARGET_NAME)";
				"PROVISIONING_PROFILE[sdk=iphoneos*]" = "";
				VALIDATE_PRODUCT = YES;
				WRAPPER_EXTENSION = app;
			};
			name = Release;
		};
/* End XCBuildConfiguration section */

/* Begin XCConfigurationList section */
		FC46A81F13CB72F20047A843 /* Build configuration list for PBXProject "Events" */ = {
			isa = XCConfigurationList;
			buildConfigurations = (
				FC46A84413CB72F20047A843 /* Debug */,
				FC46A84513CB72F20047A843 /* Release */,
			);
			defaultConfigurationIsVisible = 0;
			defaultConfigurationName = Release;
		};
		FC46A84613CB72F20047A843 /* Build configuration list for PBXNativeTarget "Events" */ = {
			isa = XCConfigurationList;
			buildConfigurations = (
				FC46A84713CB72F20047A843 /* Debug */,
				FC46A84813CB72F20047A843 /* Release */,
			);
			defaultConfigurationIsVisible = 0;
			defaultConfigurationName = Release;
		};
/* End XCConfigurationList section */
	};
	rootObject = FC46A81C13CB72F20047A843 /* Project object */;
}
